
Microsoft Visual Studio Solution File, Format Version 12.00
# Visual Studio Version 16
VisualStudioVersion = 16.0.31112.23
MinimumVisualStudioVersion = 10.0.40219.1
Project("{9A19103F-16F7-4668-BE54-9A1E7A4F7556}") = "FoodDelivery", "FoodDelivery.csproj", "{007CE0CB-810D-443A-9D3B-352901F78203}"
EndProject
Project("{FAE04EC0-301F-11D3-BF4B-00C04F79EFBC}") = "DeliveryFootRestorant", "..\DeliveryFootRestorant\DeliveryFootRestorant.csproj", "{7EFE6694-354B-409F-86DB-2C9AC3B7ECAD}"
EndProject
Global
	GlobalSection(SolutionConfigurationPlatforms) = preSolution
		Debug|Any CPU = Debug|Any CPU
		Release|Any CPU = Release|Any CPU
	EndGlobalSection
	GlobalSection(ProjectConfigurationPlatforms) = postSolution
		{007CE0CB-810D-443A-9D3B-352901F78203}.Debug|Any CPU.ActiveCfg = Debug|Any CPU
		{007CE0CB-810D-443A-9D3B-352901F78203}.Debug|Any CPU.Build.0 = Debug|Any CPU
		{007CE0CB-810D-443A-9D3B-352901F78203}.Release|Any CPU.ActiveCfg = Release|Any CPU
		{007CE0CB-810D-443A-9D3B-352901F78203}.Release|Any CPU.Build.0 = Release|Any CPU
		{7EFE6694-354B-409F-86DB-2C9AC3B7ECAD}.Debug|Any CPU.ActiveCfg = Debug|Any CPU
		{7EFE6694-354B-409F-86DB-2C9AC3B7ECAD}.Debug|Any CPU.Build.0 = Debug|Any CPU
		{7EFE6694-354B-409F-86DB-2C9AC3B7ECAD}.Release|Any CPU.ActiveCfg = Release|Any CPU
		{7EFE6694-354B-409F-86DB-2C9AC3B7ECAD}.Release|Any CPU.Build.0 = Release|Any CPU
	EndGlobalSection
	GlobalSection(SolutionProperties) = preSolution
		HideSolutionNode = FALSE
	EndGlobalSection
	GlobalSection(ExtensibilityGlobals) = postSolution
		SolutionGuid = {74C0489D-00E6-4BD7-ABF6-B6AAB2EB8F38}
	EndGlobalSection
EndGlobal
